{
    "name": "extensions",
    "lockfileVersion": 3,
    "requires": true,
    "packages": {
        "": {
            "dependencies": {
                "coc-tsserver": "2.4.1"
            }
        },
        "node_modules/coc-tsserver": {
            "version": "2.4.1",
            "resolved": "https://registry.npmjs.org/coc-tsserver/-/coc-tsserver-2.4.1.tgz",
            "integrity": "sha512-7RpmGs/2Fj7Z6hDiz3ERM07q3ZGUMPyVJbMy8qDF7R7Wx5o36NFxyF02mznfLEIzswQ0nQKkn1wgu14o4K8bIw==",
            "license": "MIT",
            "dependencies": {
                "typescript": "^5.8.3"
            },
            "engines": {
                "coc": "^0.0.82"
            }
        },
        "node_modules/typescript": {
            "version": "5.9.3",
            "resolved": "https://registry.npmjs.org/typescript/-/typescript-5.9.3.tgz",
            "integrity": "sha512-jl1vZzPDinLr9eUt3J/t7V6FgNEw9QjvBPdysz9KfQDD41fQrC2Y4vKQdiaUpFT4bXlb1RHhLpp8wtm6M5TgSw==",
            "license": "Apache-2.0",
            "bin": {
                "tsc": "bin/tsc",
                "tsserver": "bin/tsserver"
            },
            "engines": {
                "node": ">=14.17"
            }
        }
    }
}
